# Code generated by scarb DO NOT EDIT.
version = 1

[[package]]
name = "dao_voting"
version = "0.1.0"
dependencies = [
 "snforge_std",
]

[[package]]
name = "snforge_scarb_plugin"
version = "0.60.0"
source = "git+https://github.com/foundry-rs/starknet-foundry?tag=v0.60.0#090d8eacd9d844924d5af80c40244ecebdb51ed8"

[[package]]
name = "snforge_std"
version = "0.60.0"
source = "git+https://github.com/foundry-rs/starknet-foundry?tag=v0.60.0#090d8eacd9d844924d5af80c40244ecebdb51ed8"
dependencies = [
 "snforge_scarb_plugin",
]
